
Microsoft Visual Studio Solution File, Format Version 12.00
# Visual Studio Version 17
VisualStudioVersion = 17.4.33213.308
MinimumVisualStudioVersion = 10.0.40219.1
Project("{FAE04EC0-301F-11D3-BF4B-00C04F79EFBC}") = "TimeLoggingApp.Domain", "TimeLoggingApp.Domain\TimeLoggingApp.Domain.csproj", "{315BCB95-3441-427A-985F-6CFC66FFE876}"
EndProject
Project("{FAE04EC0-301F-11D3-BF4B-00C04F79EFBC}") = "ForTesting", "ForTesting\ForTesting.csproj", "{C3A32594-A1ED-461D-AAC3-68C1F24B764C}"
EndProject
Global
	GlobalSection(SolutionConfigurationPlatforms) = preSolution
		Debug|Any CPU = Debug|Any CPU
		Release|Any CPU = Release|Any CPU
	EndGlobalSection
	GlobalSection(ProjectConfigurationPlatforms) = postSolution
		{315BCB95-3441-427A-985F-6CFC66FFE876}.Debug|Any CPU.ActiveCfg = Debug|Any CPU
		{315BCB95-3441-427A-985F-6CFC66FFE876}.Debug|Any CPU.Build.0 = Debug|Any CPU
		{315BCB95-3441-427A-985F-6CFC66FFE876}.Release|Any CPU.ActiveCfg = Release|Any CPU
		{315BCB95-3441-427A-985F-6CFC66FFE876}.Release|Any CPU.Build.0 = Release|Any CPU
		{C3A32594-A1ED-461D-AAC3-68C1F24B764C}.Debug|Any CPU.ActiveCfg = Debug|Any CPU
		{C3A32594-A1ED-461D-AAC3-68C1F24B764C}.Debug|Any CPU.Build.0 = Debug|Any CPU
		{C3A32594-A1ED-461D-AAC3-68C1F24B764C}.Release|Any CPU.ActiveCfg = Release|Any CPU
		{C3A32594-A1ED-461D-AAC3-68C1F24B764C}.Release|Any CPU.Build.0 = Release|Any CPU
	EndGlobalSection
	GlobalSection(SolutionProperties) = preSolution
		HideSolutionNode = FALSE
	EndGlobalSection
	GlobalSection(ExtensibilityGlobals) = postSolution
		SolutionGuid = {175105C5-6F17-4003-BBC9-0E743E2B732F}
	EndGlobalSection
EndGlobal
